
Microsoft Visual Studio Solution File, Format Version 12.00
# Visual Studio 11
Project("{8BC9CEB8-8B4A-11D0-8D11-00A0C91BC942}") = "DuiLib", "DuiLib\DuiLib.vcxproj", "{E106ACD7-4E53-4AEE-942B-D0DD426DB34E}"
EndProject
Project("{8BC9CEB8-8B4A-11D0-8D11-00A0C91BC942}") = "GJTalk", "GJTalk\GJTalk.vcxproj", "{5211A128-6E08-2C66-241C-13D61D57CB73}"
EndProject
Project("{8BC9CEB8-8B4A-11D0-8D11-00A0C91BC942}") = "xmpp", "xmpp\gloox.vcxproj", "{4DDB9C8A-C4A7-4518-A470-0B88629D8B66}"
EndProject
Project("{FAE04EC0-301F-11D3-BF4B-00C04F79EFBC}") = "GJTalkServer", "GJTalkServer\GJTalkServer.csproj", "{3F063FE2-B7CF-4499-BCC1-4078DB0D60D4}"
EndProject
Global
	GlobalSection(SolutionConfigurationPlatforms) = preSolution
		Debug|Any CPU = Debug|Any CPU
		Debug|Mixed Platforms = Debug|Mixed Platforms
		Debug|Win32 = Debug|Win32
		Release|Any CPU = Release|Any CPU
		Release|Mixed Platforms = Release|Mixed Platforms
		Release|Win32 = Release|Win32
		UnicodeDebug|Any CPU = UnicodeDebug|Any CPU
		UnicodeDebug|Mixed Platforms = UnicodeDebug|Mixed Platforms
		UnicodeDebug|Win32 = UnicodeDebug|Win32
		UnicodeRelease|Any CPU = UnicodeRelease|Any CPU
		UnicodeRelease|Mixed Platforms = UnicodeRelease|Mixed Platforms
		UnicodeRelease|Win32 = UnicodeRelease|Win32
	EndGlobalSection
	GlobalSection(ProjectConfigurationPlatforms) = postSolution
		{3F063FE2-B7CF-4499-BCC1-4078DB0D60D4}.Debug|Any CPU.ActiveCfg = Debug|Any CPU
		{3F063FE2-B7CF-4499-BCC1-4078DB0D60D4}.Debug|Any CPU.Build.0 = Debug|Any CPU
		{3F063FE2-B7CF-4499-BCC1-4078DB0D60D4}.Debug|Mixed Platforms.ActiveCfg = Debug|Any CPU
		{3F063FE2-B7CF-4499-BCC1-4078DB0D60D4}.Debug|Mixed Platforms.Build.0 = Debug|Any CPU
		{3F063FE2-B7CF-4499-BCC1-4078DB0D60D4}.Debug|Win32.ActiveCfg = Debug|Any CPU
		{3F063FE2-B7CF-4499-BCC1-4078DB0D60D4}.Release|Any CPU.ActiveCfg = Release|Any CPU
		{3F063FE2-B7CF-4499-BCC1-4078DB0D60D4}.Release|Any CPU.Build.0 = Release|Any CPU
		{3F063FE2-B7CF-4499-BCC1-4078DB0D60D4}.Release|Mixed Platforms.ActiveCfg = Release|Any CPU
		{3F063FE2-B7CF-4499-BCC1-4078DB0D60D4}.Release|Mixed Platforms.Build.0 = Release|Any CPU
		{3F063FE2-B7CF-4499-BCC1-4078DB0D60D4}.Release|Win32.ActiveCfg = Release|Any CPU
		{3F063FE2-B7CF-4499-BCC1-4078DB0D60D4}.UnicodeDebug|Any CPU.ActiveCfg = Debug|Any CPU
		{3F063FE2-B7CF-4499-BCC1-4078DB0D60D4}.UnicodeDebug|Any CPU.Build.0 = Debug|Any CPU
		{3F063FE2-B7CF-4499-BCC1-4078DB0D60D4}.UnicodeDebug|Mixed Platforms.ActiveCfg = Debug|Any CPU
		{3F063FE2-B7CF-4499-BCC1-4078DB0D60D4}.UnicodeDebug|Mixed Platforms.Build.0 = Debug|Any CPU
		{3F063FE2-B7CF-4499-BCC1-4078DB0D60D4}.UnicodeDebug|Win32.ActiveCfg = Debug|Any CPU
		{3F063FE2-B7CF-4499-BCC1-4078DB0D60D4}.UnicodeRelease|Any CPU.ActiveCfg = Release|Any CPU
		{3F063FE2-B7CF-4499-BCC1-4078DB0D60D4}.UnicodeRelease|Any CPU.Build.0 = Release|Any CPU
		{3F063FE2-B7CF-4499-BCC1-4078DB0D60D4}.UnicodeRelease|Mixed Platforms.ActiveCfg = Release|Any CPU
		{3F063FE2-B7CF-4499-BCC1-4078DB0D60D4}.UnicodeRelease|Mixed Platforms.Build.0 = Release|Any CPU
		{3F063FE2-B7CF-4499-BCC1-4078DB0D60D4}.UnicodeRelease|Win32.ActiveCfg = Release|Any CPU
		{4DDB9C8A-C4A7-4518-A470-0B88629D8B66}.Debug|Any CPU.ActiveCfg = Debug|Win32
		{4DDB9C8A-C4A7-4518-A470-0B88629D8B66}.Debug|Mixed Platforms.ActiveCfg = Debug|Win32
		{4DDB9C8A-C4A7-4518-A470-0B88629D8B66}.Debug|Mixed Platforms.Build.0 = Debug|Win32
		{4DDB9C8A-C4A7-4518-A470-0B88629D8B66}.Debug|Win32.ActiveCfg = Debug|Win32
		{4DDB9C8A-C4A7-4518-A470-0B88629D8B66}.Debug|Win32.Build.0 = Debug|Win32
		{4DDB9C8A-C4A7-4518-A470-0B88629D8B66}.Release|Any CPU.ActiveCfg = Release|Win32
		{4DDB9C8A-C4A7-4518-A470-0B88629D8B66}.Release|Mixed Platforms.ActiveCfg = Release|Win32
		{4DDB9C8A-C4A7-4518-A470-0B88629D8B66}.Release|Mixed Platforms.Build.0 = Release|Win32
		{4DDB9C8A-C4A7-4518-A470-0B88629D8B66}.Release|Win32.ActiveCfg = Release|Win32
		{4DDB9C8A-C4A7-4518-A470-0B88629D8B66}.Release|Win32.Build.0 = Release|Win32
		{4DDB9C8A-C4A7-4518-A470-0B88629D8B66}.UnicodeDebug|Any CPU.ActiveCfg = Debug|Win32
		{4DDB9C8A-C4A7-4518-A470-0B88629D8B66}.UnicodeDebug|Mixed Platforms.ActiveCfg = Debug|Win32
		{4DDB9C8A-C4A7-4518-A470-0B88629D8B66}.UnicodeDebug|Mixed Platforms.Build.0 = Debug|Win32
		{4DDB9C8A-C4A7-4518-A470-0B88629D8B66}.UnicodeDebug|Win32.ActiveCfg = Debug|Win32
		{4DDB9C8A-C4A7-4518-A470-0B88629D8B66}.UnicodeDebug|Win32.Build.0 = Debug|Win32
		{4DDB9C8A-C4A7-4518-A470-0B88629D8B66}.UnicodeRelease|Any CPU.ActiveCfg = Release|Win32
		{4DDB9C8A-C4A7-4518-A470-0B88629D8B66}.UnicodeRelease|Mixed Platforms.ActiveCfg = Release|Win32
		{4DDB9C8A-C4A7-4518-A470-0B88629D8B66}.UnicodeRelease|Mixed Platforms.Build.0 = Release|Win32
		{4DDB9C8A-C4A7-4518-A470-0B88629D8B66}.UnicodeRelease|Win32.ActiveCfg = Release|Win32
		{4DDB9C8A-C4A7-4518-A470-0B88629D8B66}.UnicodeRelease|Win32.Build.0 = Release|Win32
		{5211A128-6E08-2C66-241C-13D61D57CB73}.Debug|Any CPU.ActiveCfg = Debug|Win32
		{5211A128-6E08-2C66-241C-13D61D57CB73}.Debug|Mixed Platforms.ActiveCfg = Debug|Win32
		{5211A128-6E08-2C66-241C-13D61D57CB73}.Debug|Mixed Platforms.Build.0 = Debug|Win32
		{5211A128-6E08-2C66-241C-13D61D57CB73}.Debug|Win32.ActiveCfg = Debug|Win32
		{5211A128-6E08-2C66-241C-13D61D57CB73}.Debug|Win32.Build.0 = Debug|Win32
		{5211A128-6E08-2C66-241C-13D61D57CB73}.Release|Any CPU.ActiveCfg = Release|Win32
		{5211A128-6E08-2C66-241C-13D61D57CB73}.Release|Mixed Platforms.ActiveCfg = Release|Win32
		{5211A128-6E08-2C66-241C-13D61D57CB73}.Release|Mixed Platforms.Build.0 = Release|Win32
		{5211A128-6E08-2C66-241C-13D61D57CB73}.Release|Win32.ActiveCfg = Release|Win32
		{5211A128-6E08-2C66-241C-13D61D57CB73}.Release|Win32.Build.0 = Release|Win32
		{5211A128-6E08-2C66-241C-13D61D57CB73}.UnicodeDebug|Any CPU.ActiveCfg = Debug|Win32
		{5211A128-6E08-2C66-241C-13D61D57CB73}.UnicodeDebug|Mixed Platforms.ActiveCfg = Debug|Win32
		{5211A128-6E08-2C66-241C-13D61D57CB73}.UnicodeDebug|Mixed Platforms.Build.0 = Debug|Win32
		{5211A128-6E08-2C66-241C-13D61D57CB73}.UnicodeDebug|Win32.ActiveCfg = Debug|Win32
		{5211A128-6E08-2C66-241C-13D61D57CB73}.UnicodeDebug|Win32.Build.0 = Debug|Win32
		{5211A128-6E08-2C66-241C-13D61D57CB73}.UnicodeRelease|Any CPU.ActiveCfg = Release|Win32
		{5211A128-6E08-2C66-241C-13D61D57CB73}.UnicodeRelease|Mixed Platforms.ActiveCfg = Release|Win32
		{5211A128-6E08-2C66-241C-13D61D57CB73}.UnicodeRelease|Mixed Platforms.Build.0 = Release|Win32
		{5211A128-6E08-2C66-241C-13D61D57CB73}.UnicodeRelease|Win32.ActiveCfg = Release|Win32
		{5211A128-6E08-2C66-241C-13D61D57CB73}.UnicodeRelease|Win32.Build.0 = Release|Win32
		{E106ACD7-4E53-4AEE-942B-D0DD426DB34E}.Debug|Any CPU.ActiveCfg = Debug|Win32
		{E106ACD7-4E53-4AEE-942B-D0DD426DB34E}.Debug|Mixed Platforms.ActiveCfg = Debug|Win32
		{E106ACD7-4E53-4AEE-942B-D0DD426DB34E}.Debug|Mixed Platforms.Build.0 = Debug|Win32
		{E106ACD7-4E53-4AEE-942B-D0DD426DB34E}.Debug|Win32.ActiveCfg = Debug|Win32
		{E106ACD7-4E53-4AEE-942B-D0DD426DB34E}.Debug|Win32.Build.0 = Debug|Win32
		{E106ACD7-4E53-4AEE-942B-D0DD426DB34E}.Release|Any CPU.ActiveCfg = Release|Win32
		{E106ACD7-4E53-4AEE-942B-D0DD426DB34E}.Release|Mixed Platforms.ActiveCfg = Release|Win32
		{E106ACD7-4E53-4AEE-942B-D0DD426DB34E}.Release|Mixed Platforms.Build.0 = Release|Win32
		{E106ACD7-4E53-4AEE-942B-D0DD426DB34E}.Release|Win32.ActiveCfg = Release|Win32
		{E106ACD7-4E53-4AEE-942B-D0DD426DB34E}.Release|Win32.Build.0 = Release|Win32
		{E106ACD7-4E53-4AEE-942B-D0DD426DB34E}.UnicodeDebug|Any CPU.ActiveCfg = UnicodeDebug|Win32
		{E106ACD7-4E53-4AEE-942B-D0DD426DB34E}.UnicodeDebug|Mixed Platforms.ActiveCfg = UnicodeDebug|Win32
		{E106ACD7-4E53-4AEE-942B-D0DD426DB34E}.UnicodeDebug|Mixed Platforms.Build.0 = UnicodeDebug|Win32
		{E106ACD7-4E53-4AEE-942B-D0DD426DB34E}.UnicodeDebug|Win32.ActiveCfg = UnicodeDebug|Win32
		{E106ACD7-4E53-4AEE-942B-D0DD426DB34E}.UnicodeDebug|Win32.Build.0 = UnicodeDebug|Win32
		{E106ACD7-4E53-4AEE-942B-D0DD426DB34E}.UnicodeRelease|Any CPU.ActiveCfg = UnicodeRelease|Win32
		{E106ACD7-4E53-4AEE-942B-D0DD426DB34E}.UnicodeRelease|Mixed Platforms.ActiveCfg = UnicodeRelease|Win32
		{E106ACD7-4E53-4AEE-942B-D0DD426DB34E}.UnicodeRelease|Mixed Platforms.Build.0 = UnicodeRelease|Win32
		{E106ACD7-4E53-4AEE-942B-D0DD426DB34E}.UnicodeRelease|Win32.ActiveCfg = UnicodeRelease|Win32
		{E106ACD7-4E53-4AEE-942B-D0DD426DB34E}.UnicodeRelease|Win32.Build.0 = UnicodeRelease|Win32
	EndGlobalSection
	GlobalSection(SolutionProperties) = preSolution
		HideSolutionNode = FALSE
	EndGlobalSection
EndGlobal
