<?xml version="1.0" encoding="utf-8"?>
<Project ToolsVersion="4.0" xmlns="http://schemas.microsoft.com/developer/msbuild/2003">
  <ItemGroup>
    <Filter Include="Source Files">
      <UniqueIdentifier>{4FC737F1-C7A5-4376-A066-2A32D752A2FF}</UniqueIdentifier>
      <Extensions>cpp;c;cc;cxx;def;odl;idl;hpj;bat;asm;asmx</Extensions>
    </Filter>
    <Filter Include="Header Files">
      <UniqueIdentifier>{93995380-89BD-4b04-88EB-625FBE52EBFB}</UniqueIdentifier>
      <Extensions>h;hpp;hxx;hm;inl;inc;xsd</Extensions>
    </Filter>
    <Filter Include="Resource Files">
      <UniqueIdentifier>{67DA6AB6-F800-4c08-8B7A-83BB121AAD01}</UniqueIdentifier>
      <Extensions>rc;ico;cur;bmp;dlg;rc2;rct;bin;rgs;gif;jpg;jpeg;jpe;resx;tiff;tif;png;wav;mfcribbon-ms</Extensions>
    </Filter>
  </ItemGroup>
  <ItemGroup>
    <Text Include="ReadMe.txt" />
  </ItemGroup>
  <ItemGroup>
    <ClInclude Include="GJTalk.h">
      <Filter>Header Files</Filter>
    </ClInclude>
    <ClInclude Include="stdafx.h">
      <Filter>Header Files</Filter>
    </ClInclude>
    <ClInclude Include="targetver.h">
      <Filter>Header Files</Filter>
    </ClInclude>
    <ClInclude Include="Resource.h">
      <Filter>Header Files</Filter>
    </ClInclude>
    <ClInclude Include="GJContext.h">
      <Filter>Header Files</Filter>
    </ClInclude>
    <ClInclude Include="LoginFrame.h">
      <Filter>Header Files</Filter>
    </ClInclude>
    <ClInclude Include="GJUser.h">
      <Filter>Header Files</Filter>
    </ClInclude>
    <ClInclude Include="GJWnd.h">
      <Filter>Header Files</Filter>
    </ClInclude>
    <ClInclude Include="MainFrame.h">
      <Filter>Header Files</Filter>
    </ClInclude>
    <ClInclude Include="ChatFrame.h">
      <Filter>Header Files</Filter>
    </ClInclude>
    <ClInclude Include="MsgBox.h">
      <Filter>Header Files</Filter>
    </ClInclude>
    <ClInclude Include="MsgBoxFrame.h">
      <Filter>Header Files</Filter>
    </ClInclude>
    <ClInclude Include="GJContextWnd.h">
      <Filter>Header Files</Filter>
    </ClInclude>
    <ClInclude Include="MessageFilterHelper.h">
      <Filter>Header Files</Filter>
    </ClInclude>
    <ClInclude Include="TrayIcon.h">
      <Filter>Header Files</Filter>
    </ClInclude>
    <ClInclude Include="TrayIconMessage.h">
      <Filter>Header Files</Filter>
    </ClInclude>
    <ClInclude Include="ITrayIconListenner.h">
      <Filter>Header Files</Filter>
    </ClInclude>
    <ClInclude Include="UIBuddyList.h">
      <Filter>Header Files</Filter>
    </ClInclude>
    <ClInclude Include="WebFrame.h">
      <Filter>Header Files</Filter>
    </ClInclude>
    <ClInclude Include="SessionManager.h">
      <Filter>Header Files</Filter>
    </ClInclude>
    <ClInclude Include="HeaderManager.h">
      <Filter>Header Files</Filter>
    </ClInclude>
    <ClInclude Include="MessageFormat.h">
      <Filter>Header Files</Filter>
    </ClInclude>
    <ClInclude Include="custsite.h">
      <Filter>Header Files</Filter>
    </ClInclude>
    <ClInclude Include="SearchFrame.h">
      <Filter>Header Files</Filter>
    </ClInclude>
    <ClInclude Include="MenuWnd.h">
      <Filter>Header Files</Filter>
    </ClInclude>
    <ClInclude Include="InputBox.h">
      <Filter>Header Files</Filter>
    </ClInclude>
    <ClInclude Include="AddBuddyFrame.h">
      <Filter>Header Files</Filter>
    </ClInclude>
    <ClInclude Include="SubscriptionFrame.h">
      <Filter>Header Files</Filter>
    </ClInclude>
  </ItemGroup>
  <ItemGroup>
    <ClCompile Include="GJTalk.cpp">
      <Filter>Source Files</Filter>
    </ClCompile>
    <ClCompile Include="stdafx.cpp">
      <Filter>Source Files</Filter>
    </ClCompile>
    <ClCompile Include="GJContext.cpp">
      <Filter>Source Files</Filter>
    </ClCompile>
    <ClCompile Include="LoginFrame.cpp">
      <Filter>Source Files</Filter>
    </ClCompile>
    <ClCompile Include="GJUser.cpp">
      <Filter>Source Files</Filter>
    </ClCompile>
    <ClCompile Include="GJWnd.cpp">
      <Filter>Source Files</Filter>
    </ClCompile>
    <ClCompile Include="MainFrame.cpp">
      <Filter>Source Files</Filter>
    </ClCompile>
    <ClCompile Include="ChatFrame.cpp">
      <Filter>Source Files</Filter>
    </ClCompile>
    <ClCompile Include="MsgBox.cpp">
      <Filter>Source Files</Filter>
    </ClCompile>
    <ClCompile Include="MsgBoxFrame.cpp">
      <Filter>Source Files</Filter>
    </ClCompile>
    <ClCompile Include="GJContextWnd.cpp">
      <Filter>Source Files</Filter>
    </ClCompile>
    <ClCompile Include="MessageFilterHelper.cpp">
      <Filter>Source Files</Filter>
    </ClCompile>
    <ClCompile Include="TrayIcon.cpp">
      <Filter>Source Files</Filter>
    </ClCompile>
    <ClCompile Include="TrayIconMessage.cpp">
      <Filter>Source Files</Filter>
    </ClCompile>
    <ClCompile Include="UIBuddyList.cpp">
      <Filter>Source Files</Filter>
    </ClCompile>
    <ClCompile Include="WebFrame.cpp">
      <Filter>Source Files</Filter>
    </ClCompile>
    <ClCompile Include="SessionManager.cpp">
      <Filter>Source Files</Filter>
    </ClCompile>
    <ClCompile Include="HeaderManager.cpp">
      <Filter>Source Files</Filter>
    </ClCompile>
    <ClCompile Include="MessageFormat.cpp">
      <Filter>Source Files</Filter>
    </ClCompile>
    <ClCompile Include="custsite.cpp">
      <Filter>Source Files</Filter>
    </ClCompile>
    <ClCompile Include="SearchFrame.cpp">
      <Filter>Source Files</Filter>
    </ClCompile>
    <ClCompile Include="InputBox.cpp">
      <Filter>Source Files</Filter>
    </ClCompile>
    <ClCompile Include="AddBuddyFrame.cpp">
      <Filter>Source Files</Filter>
    </ClCompile>
    <ClCompile Include="SubscriptionFrame.cpp">
      <Filter>Source Files</Filter>
    </ClCompile>
  </ItemGroup>
  <ItemGroup>
    <ResourceCompile Include="GJTalk.rc">
      <Filter>Resource Files</Filter>
    </ResourceCompile>
  </ItemGroup>
  <ItemGroup>
    <None Include="res\GJTalk.rc2">
      <Filter>Resource Files</Filter>
    </None>
    <None Include="duilib license.txt" />
    <None Include="directui license.txt" />
    <None Include="res\icon1.ico">
      <Filter>Resource Files</Filter>
    </None>
    <None Include="..\..\..\..\Downloads\GJTalkSmall.ico">
      <Filter>Resource Files</Filter>
    </None>
  </ItemGroup>
  <ItemGroup>
    <Image Include="res\GJTalk.ico">
      <Filter>Resource Files</Filter>
    </Image>
  </ItemGroup>
</Project>