<?xml version="1.0" encoding="utf-8"?>
<Project ToolsVersion="4.0" xmlns="http://schemas.microsoft.com/developer/msbuild/2003">
  <ItemGroup>
    <Filter Include="Source Files">
      <UniqueIdentifier>{4FC737F1-C7A5-4376-A066-2A32D752A2FF}</UniqueIdentifier>
      <Extensions>cpp;c;cc;cxx;def;odl;idl;hpj;bat;asm;asmx</Extensions>
    </Filter>
    <Filter Include="Header Files">
      <UniqueIdentifier>{93995380-89BD-4b04-88EB-625FBE52EBFB}</UniqueIdentifier>
      <Extensions>h;hpp;hxx;hm;inl;inc;xsd</Extensions>
    </Filter>
    <Filter Include="Resource Files">
      <UniqueIdentifier>{67DA6AB6-F800-4c08-8B7A-83BB121AAD01}</UniqueIdentifier>
      <Extensions>rc;ico;cur;bmp;dlg;rc2;rct;bin;rgs;gif;jpg;jpeg;jpe;resx;tiff;tif;png;wav</Extensions>
    </Filter>
  </ItemGroup>
  <ItemGroup>
    <ClCompile Include="adhoc.cpp">
      <Filter>Source Files</Filter>
    </ClCompile>
    <ClCompile Include="amp.cpp">
      <Filter>Source Files</Filter>
    </ClCompile>
    <ClCompile Include="annotations.cpp">
      <Filter>Source Files</Filter>
    </ClCompile>
    <ClCompile Include="attention.cpp">
      <Filter>Source Files</Filter>
    </ClCompile>
    <ClCompile Include="base64.cpp">
      <Filter>Source Files</Filter>
    </ClCompile>
    <ClCompile Include="bookmarkstorage.cpp">
      <Filter>Source Files</Filter>
    </ClCompile>
    <ClCompile Include="capabilities.cpp">
      <Filter>Source Files</Filter>
    </ClCompile>
    <ClCompile Include="chatstate.cpp">
      <Filter>Source Files</Filter>
    </ClCompile>
    <ClCompile Include="chatstatefilter.cpp">
      <Filter>Source Files</Filter>
    </ClCompile>
    <ClCompile Include="client.cpp">
      <Filter>Source Files</Filter>
    </ClCompile>
    <ClCompile Include="clientbase.cpp">
      <Filter>Source Files</Filter>
    </ClCompile>
    <ClCompile Include="component.cpp">
      <Filter>Source Files</Filter>
    </ClCompile>
    <ClCompile Include="compressiondefault.cpp">
      <Filter>Source Files</Filter>
    </ClCompile>
    <ClCompile Include="compressionzlib.cpp">
      <Filter>Source Files</Filter>
    </ClCompile>
    <ClCompile Include="connectionbosh.cpp">
      <Filter>Source Files</Filter>
    </ClCompile>
    <ClCompile Include="connectionhttpproxy.cpp">
      <Filter>Source Files</Filter>
    </ClCompile>
    <ClCompile Include="connectionsocks5proxy.cpp">
      <Filter>Source Files</Filter>
    </ClCompile>
    <ClCompile Include="connectiontcpbase.cpp">
      <Filter>Source Files</Filter>
    </ClCompile>
    <ClCompile Include="connectiontcpclient.cpp">
      <Filter>Source Files</Filter>
    </ClCompile>
    <ClCompile Include="connectiontcpserver.cpp">
      <Filter>Source Files</Filter>
    </ClCompile>
    <ClCompile Include="connectiontls.cpp">
      <Filter>Source Files</Filter>
    </ClCompile>
    <ClCompile Include="connectiontlsserver.cpp">
      <Filter>Source Files</Filter>
    </ClCompile>
    <ClCompile Include="dataform.cpp">
      <Filter>Source Files</Filter>
    </ClCompile>
    <ClCompile Include="dataformfield.cpp">
      <Filter>Source Files</Filter>
    </ClCompile>
    <ClCompile Include="dataformfieldcontainer.cpp">
      <Filter>Source Files</Filter>
    </ClCompile>
    <ClCompile Include="dataformitem.cpp">
      <Filter>Source Files</Filter>
    </ClCompile>
    <ClCompile Include="dataformreported.cpp">
      <Filter>Source Files</Filter>
    </ClCompile>
    <ClCompile Include="delayeddelivery.cpp">
      <Filter>Source Files</Filter>
    </ClCompile>
    <ClCompile Include="disco.cpp">
      <Filter>Source Files</Filter>
    </ClCompile>
    <ClCompile Include="dns.cpp">
      <Filter>Source Files</Filter>
    </ClCompile>
    <ClCompile Include="error.cpp">
      <Filter>Source Files</Filter>
    </ClCompile>
    <ClCompile Include="eventdispatcher.cpp">
      <Filter>Source Files</Filter>
    </ClCompile>
    <ClCompile Include="featureneg.cpp">
      <Filter>Source Files</Filter>
    </ClCompile>
    <ClCompile Include="flexoff.cpp">
      <Filter>Source Files</Filter>
    </ClCompile>
    <ClCompile Include="gloox.cpp">
      <Filter>Source Files</Filter>
    </ClCompile>
    <ClCompile Include="gpgencrypted.cpp">
      <Filter>Source Files</Filter>
    </ClCompile>
    <ClCompile Include="gpgsigned.cpp">
      <Filter>Source Files</Filter>
    </ClCompile>
    <ClCompile Include="inbandbytestream.cpp">
      <Filter>Source Files</Filter>
    </ClCompile>
    <ClCompile Include="instantmucroom.cpp">
      <Filter>Source Files</Filter>
    </ClCompile>
    <ClCompile Include="iq.cpp">
      <Filter>Source Files</Filter>
    </ClCompile>
    <ClCompile Include="jid.cpp">
      <Filter>Source Files</Filter>
    </ClCompile>
    <ClCompile Include="lastactivity.cpp">
      <Filter>Source Files</Filter>
    </ClCompile>
    <ClCompile Include="logsink.cpp">
      <Filter>Source Files</Filter>
    </ClCompile>
    <ClCompile Include="md5.cpp">
      <Filter>Source Files</Filter>
    </ClCompile>
    <ClCompile Include="message.cpp">
      <Filter>Source Files</Filter>
    </ClCompile>
    <ClCompile Include="messageevent.cpp">
      <Filter>Source Files</Filter>
    </ClCompile>
    <ClCompile Include="messageeventfilter.cpp">
      <Filter>Source Files</Filter>
    </ClCompile>
    <ClCompile Include="messagefilter.cpp">
      <Filter>Source Files</Filter>
    </ClCompile>
    <ClCompile Include="messagesession.cpp">
      <Filter>Source Files</Filter>
    </ClCompile>
    <ClCompile Include="mucmessagesession.cpp">
      <Filter>Source Files</Filter>
    </ClCompile>
    <ClCompile Include="mucroom.cpp">
      <Filter>Source Files</Filter>
    </ClCompile>
    <ClCompile Include="mutex.cpp">
      <Filter>Source Files</Filter>
    </ClCompile>
    <ClCompile Include="nickname.cpp">
      <Filter>Source Files</Filter>
    </ClCompile>
    <ClCompile Include="nonsaslauth.cpp">
      <Filter>Source Files</Filter>
    </ClCompile>
    <ClCompile Include="oob.cpp">
      <Filter>Source Files</Filter>
    </ClCompile>
    <ClCompile Include="parser.cpp">
      <Filter>Source Files</Filter>
    </ClCompile>
    <ClCompile Include="prep.cpp">
      <Filter>Source Files</Filter>
    </ClCompile>
    <ClCompile Include="presence.cpp">
      <Filter>Source Files</Filter>
    </ClCompile>
    <ClCompile Include="privacyitem.cpp">
      <Filter>Source Files</Filter>
    </ClCompile>
    <ClCompile Include="privacymanager.cpp">
      <Filter>Source Files</Filter>
    </ClCompile>
    <ClCompile Include="privatexml.cpp">
      <Filter>Source Files</Filter>
    </ClCompile>
    <ClCompile Include="pubsubevent.cpp">
      <Filter>Source Files</Filter>
    </ClCompile>
    <ClCompile Include="pubsubitem.cpp">
      <Filter>Source Files</Filter>
    </ClCompile>
    <ClCompile Include="pubsubmanager.cpp">
      <Filter>Source Files</Filter>
    </ClCompile>
    <ClCompile Include="receipt.cpp">
      <Filter>Source Files</Filter>
    </ClCompile>
    <ClCompile Include="registration.cpp">
      <Filter>Source Files</Filter>
    </ClCompile>
    <ClCompile Include="rosteritem.cpp">
      <Filter>Source Files</Filter>
    </ClCompile>
    <ClCompile Include="rostermanager.cpp">
      <Filter>Source Files</Filter>
    </ClCompile>
    <ClCompile Include="search.cpp">
      <Filter>Source Files</Filter>
    </ClCompile>
    <ClCompile Include="sha.cpp">
      <Filter>Source Files</Filter>
    </ClCompile>
    <ClCompile Include="shim.cpp">
      <Filter>Source Files</Filter>
    </ClCompile>
    <ClCompile Include="simanager.cpp">
      <Filter>Source Files</Filter>
    </ClCompile>
    <ClCompile Include="siprofileft.cpp">
      <Filter>Source Files</Filter>
    </ClCompile>
    <ClCompile Include="socks5bytestream.cpp">
      <Filter>Source Files</Filter>
    </ClCompile>
    <ClCompile Include="socks5bytestreammanager.cpp">
      <Filter>Source Files</Filter>
    </ClCompile>
    <ClCompile Include="socks5bytestreamserver.cpp">
      <Filter>Source Files</Filter>
    </ClCompile>
    <ClCompile Include="softwareversion.cpp">
      <Filter>Source Files</Filter>
    </ClCompile>
    <ClCompile Include="stanza.cpp">
      <Filter>Source Files</Filter>
    </ClCompile>
    <ClCompile Include="stanzaextensionfactory.cpp">
      <Filter>Source Files</Filter>
    </ClCompile>
    <ClCompile Include="subscription.cpp">
      <Filter>Source Files</Filter>
    </ClCompile>
    <ClCompile Include="tag.cpp">
      <Filter>Source Files</Filter>
    </ClCompile>
    <ClCompile Include="tlsdefault.cpp">
      <Filter>Source Files</Filter>
    </ClCompile>
    <ClCompile Include="tlsgnutlsbase.cpp">
      <Filter>Source Files</Filter>
    </ClCompile>
    <ClCompile Include="tlsgnutlsclient.cpp">
      <Filter>Source Files</Filter>
    </ClCompile>
    <ClCompile Include="tlsgnutlsclientanon.cpp">
      <Filter>Source Files</Filter>
    </ClCompile>
    <ClCompile Include="tlsgnutlsserveranon.cpp">
      <Filter>Source Files</Filter>
    </ClCompile>
    <ClCompile Include="tlsopensslbase.cpp">
      <Filter>Source Files</Filter>
    </ClCompile>
    <ClCompile Include="tlsopensslclient.cpp">
      <Filter>Source Files</Filter>
    </ClCompile>
    <ClCompile Include="tlsopensslserver.cpp">
      <Filter>Source Files</Filter>
    </ClCompile>
    <ClCompile Include="tlsschannel.cpp">
      <Filter>Source Files</Filter>
    </ClCompile>
    <ClCompile Include="uniquemucroom.cpp">
      <Filter>Source Files</Filter>
    </ClCompile>
    <ClCompile Include="util.cpp">
      <Filter>Source Files</Filter>
    </ClCompile>
    <ClCompile Include="vcard.cpp">
      <Filter>Source Files</Filter>
    </ClCompile>
    <ClCompile Include="vcardmanager.cpp">
      <Filter>Source Files</Filter>
    </ClCompile>
    <ClCompile Include="vcardupdate.cpp">
      <Filter>Source Files</Filter>
    </ClCompile>
    <ClCompile Include="xhtmlim.cpp">
      <Filter>Source Files</Filter>
    </ClCompile>
  </ItemGroup>
  <ItemGroup>
    <ClInclude Include="adhoc.h">
      <Filter>Header Files</Filter>
    </ClInclude>
    <ClInclude Include="adhoccommandprovider.h">
      <Filter>Header Files</Filter>
    </ClInclude>
    <ClInclude Include="adhochandler.h">
      <Filter>Header Files</Filter>
    </ClInclude>
    <ClInclude Include="amp.h">
      <Filter>Header Files</Filter>
    </ClInclude>
    <ClInclude Include="annotations.h">
      <Filter>Header Files</Filter>
    </ClInclude>
    <ClInclude Include="annotationshandler.h">
      <Filter>Header Files</Filter>
    </ClInclude>
    <ClInclude Include="attention.h">
      <Filter>Header Files</Filter>
    </ClInclude>
    <ClInclude Include="base64.h">
      <Filter>Header Files</Filter>
    </ClInclude>
    <ClInclude Include="bookmarkhandler.h">
      <Filter>Header Files</Filter>
    </ClInclude>
    <ClInclude Include="bookmarkstorage.h">
      <Filter>Header Files</Filter>
    </ClInclude>
    <ClInclude Include="bytestream.h">
      <Filter>Header Files</Filter>
    </ClInclude>
    <ClInclude Include="bytestreamdatahandler.h">
      <Filter>Header Files</Filter>
    </ClInclude>
    <ClInclude Include="bytestreamhandler.h">
      <Filter>Header Files</Filter>
    </ClInclude>
    <ClInclude Include="capabilities.h">
      <Filter>Header Files</Filter>
    </ClInclude>
    <ClInclude Include="chatstate.h">
      <Filter>Header Files</Filter>
    </ClInclude>
    <ClInclude Include="chatstatefilter.h">
      <Filter>Header Files</Filter>
    </ClInclude>
    <ClInclude Include="chatstatehandler.h">
      <Filter>Header Files</Filter>
    </ClInclude>
    <ClInclude Include="client.h">
      <Filter>Header Files</Filter>
    </ClInclude>
    <ClInclude Include="clientbase.h">
      <Filter>Header Files</Filter>
    </ClInclude>
    <ClInclude Include="component.h">
      <Filter>Header Files</Filter>
    </ClInclude>
    <ClInclude Include="compressionbase.h">
      <Filter>Header Files</Filter>
    </ClInclude>
    <ClInclude Include="compressiondatahandler.h">
      <Filter>Header Files</Filter>
    </ClInclude>
    <ClInclude Include="compressiondefault.h">
      <Filter>Header Files</Filter>
    </ClInclude>
    <ClInclude Include="compressionzlib.h">
      <Filter>Header Files</Filter>
    </ClInclude>
    <ClInclude Include="connectionbase.h">
      <Filter>Header Files</Filter>
    </ClInclude>
    <ClInclude Include="connectionbosh.h">
      <Filter>Header Files</Filter>
    </ClInclude>
    <ClInclude Include="connectiondatahandler.h">
      <Filter>Header Files</Filter>
    </ClInclude>
    <ClInclude Include="connectionhandler.h">
      <Filter>Header Files</Filter>
    </ClInclude>
    <ClInclude Include="connectionhttpproxy.h">
      <Filter>Header Files</Filter>
    </ClInclude>
    <ClInclude Include="connectionlistener.h">
      <Filter>Header Files</Filter>
    </ClInclude>
    <ClInclude Include="connectionsocks5proxy.h">
      <Filter>Header Files</Filter>
    </ClInclude>
    <ClInclude Include="connectiontcpbase.h">
      <Filter>Header Files</Filter>
    </ClInclude>
    <ClInclude Include="connectiontcpclient.h">
      <Filter>Header Files</Filter>
    </ClInclude>
    <ClInclude Include="connectiontcpserver.h">
      <Filter>Header Files</Filter>
    </ClInclude>
    <ClInclude Include="connectiontls.h">
      <Filter>Header Files</Filter>
    </ClInclude>
    <ClInclude Include="connectiontlsserver.h">
      <Filter>Header Files</Filter>
    </ClInclude>
    <ClInclude Include="dataform.h">
      <Filter>Header Files</Filter>
    </ClInclude>
    <ClInclude Include="dataformfield.h">
      <Filter>Header Files</Filter>
    </ClInclude>
    <ClInclude Include="dataformfieldcontainer.h">
      <Filter>Header Files</Filter>
    </ClInclude>
    <ClInclude Include="dataformitem.h">
      <Filter>Header Files</Filter>
    </ClInclude>
    <ClInclude Include="dataformreported.h">
      <Filter>Header Files</Filter>
    </ClInclude>
    <ClInclude Include="delayeddelivery.h">
      <Filter>Header Files</Filter>
    </ClInclude>
    <ClInclude Include="disco.h">
      <Filter>Header Files</Filter>
    </ClInclude>
    <ClInclude Include="discohandler.h">
      <Filter>Header Files</Filter>
    </ClInclude>
    <ClInclude Include="disconodehandler.h">
      <Filter>Header Files</Filter>
    </ClInclude>
    <ClInclude Include="dns.h">
      <Filter>Header Files</Filter>
    </ClInclude>
    <ClInclude Include="error.h">
      <Filter>Header Files</Filter>
    </ClInclude>
    <ClInclude Include="event.h">
      <Filter>Header Files</Filter>
    </ClInclude>
    <ClInclude Include="eventdispatcher.h">
      <Filter>Header Files</Filter>
    </ClInclude>
    <ClInclude Include="eventhandler.h">
      <Filter>Header Files</Filter>
    </ClInclude>
    <ClInclude Include="featureneg.h">
      <Filter>Header Files</Filter>
    </ClInclude>
    <ClInclude Include="flexoff.h">
      <Filter>Header Files</Filter>
    </ClInclude>
    <ClInclude Include="flexoffhandler.h">
      <Filter>Header Files</Filter>
    </ClInclude>
    <ClInclude Include="gloox.h">
      <Filter>Header Files</Filter>
    </ClInclude>
    <ClInclude Include="gpgencrypted.h">
      <Filter>Header Files</Filter>
    </ClInclude>
    <ClInclude Include="gpgsigned.h">
      <Filter>Header Files</Filter>
    </ClInclude>
    <ClInclude Include="inbandbytestream.h">
      <Filter>Header Files</Filter>
    </ClInclude>
    <ClInclude Include="instantmucroom.h">
      <Filter>Header Files</Filter>
    </ClInclude>
    <ClInclude Include="iq.h">
      <Filter>Header Files</Filter>
    </ClInclude>
    <ClInclude Include="iqhandler.h">
      <Filter>Header Files</Filter>
    </ClInclude>
    <ClInclude Include="jid.h">
      <Filter>Header Files</Filter>
    </ClInclude>
    <ClInclude Include="lastactivity.h">
      <Filter>Header Files</Filter>
    </ClInclude>
    <ClInclude Include="lastactivityhandler.h">
      <Filter>Header Files</Filter>
    </ClInclude>
    <ClInclude Include="loghandler.h">
      <Filter>Header Files</Filter>
    </ClInclude>
    <ClInclude Include="logsink.h">
      <Filter>Header Files</Filter>
    </ClInclude>
    <ClInclude Include="macros.h">
      <Filter>Header Files</Filter>
    </ClInclude>
    <ClInclude Include="md5.h">
      <Filter>Header Files</Filter>
    </ClInclude>
    <ClInclude Include="message.h">
      <Filter>Header Files</Filter>
    </ClInclude>
    <ClInclude Include="messageevent.h">
      <Filter>Header Files</Filter>
    </ClInclude>
    <ClInclude Include="messageeventfilter.h">
      <Filter>Header Files</Filter>
    </ClInclude>
    <ClInclude Include="messageeventhandler.h">
      <Filter>Header Files</Filter>
    </ClInclude>
    <ClInclude Include="messagefilter.h">
      <Filter>Header Files</Filter>
    </ClInclude>
    <ClInclude Include="messagehandler.h">
      <Filter>Header Files</Filter>
    </ClInclude>
    <ClInclude Include="messagesession.h">
      <Filter>Header Files</Filter>
    </ClInclude>
    <ClInclude Include="messagesessionhandler.h">
      <Filter>Header Files</Filter>
    </ClInclude>
    <ClInclude Include="mucinvitationhandler.h">
      <Filter>Header Files</Filter>
    </ClInclude>
    <ClInclude Include="mucmessagesession.h">
      <Filter>Header Files</Filter>
    </ClInclude>
    <ClInclude Include="mucroom.h">
      <Filter>Header Files</Filter>
    </ClInclude>
    <ClInclude Include="mucroomconfighandler.h">
      <Filter>Header Files</Filter>
    </ClInclude>
    <ClInclude Include="mucroomhandler.h">
      <Filter>Header Files</Filter>
    </ClInclude>
    <ClInclude Include="mutex.h">
      <Filter>Header Files</Filter>
    </ClInclude>
    <ClInclude Include="mutexguard.h">
      <Filter>Header Files</Filter>
    </ClInclude>
    <ClInclude Include="nickname.h">
      <Filter>Header Files</Filter>
    </ClInclude>
    <ClInclude Include="nonsaslauth.h">
      <Filter>Header Files</Filter>
    </ClInclude>
    <ClInclude Include="oob.h">
      <Filter>Header Files</Filter>
    </ClInclude>
    <ClInclude Include="parser.h">
      <Filter>Header Files</Filter>
    </ClInclude>
    <ClInclude Include="prep.h">
      <Filter>Header Files</Filter>
    </ClInclude>
    <ClInclude Include="presence.h">
      <Filter>Header Files</Filter>
    </ClInclude>
    <ClInclude Include="presencehandler.h">
      <Filter>Header Files</Filter>
    </ClInclude>
    <ClInclude Include="privacyitem.h">
      <Filter>Header Files</Filter>
    </ClInclude>
    <ClInclude Include="privacylisthandler.h">
      <Filter>Header Files</Filter>
    </ClInclude>
    <ClInclude Include="privacymanager.h">
      <Filter>Header Files</Filter>
    </ClInclude>
    <ClInclude Include="privatexml.h">
      <Filter>Header Files</Filter>
    </ClInclude>
    <ClInclude Include="privatexmlhandler.h">
      <Filter>Header Files</Filter>
    </ClInclude>
    <ClInclude Include="pubsub.h">
      <Filter>Header Files</Filter>
    </ClInclude>
    <ClInclude Include="pubsubevent.h">
      <Filter>Header Files</Filter>
    </ClInclude>
    <ClInclude Include="pubsubitem.h">
      <Filter>Header Files</Filter>
    </ClInclude>
    <ClInclude Include="pubsubmanager.h">
      <Filter>Header Files</Filter>
    </ClInclude>
    <ClInclude Include="pubsubresulthandler.h">
      <Filter>Header Files</Filter>
    </ClInclude>
    <ClInclude Include="receipt.h">
      <Filter>Header Files</Filter>
    </ClInclude>
    <ClInclude Include="registration.h">
      <Filter>Header Files</Filter>
    </ClInclude>
    <ClInclude Include="registrationhandler.h">
      <Filter>Header Files</Filter>
    </ClInclude>
    <ClInclude Include="resource.h">
      <Filter>Header Files</Filter>
    </ClInclude>
    <ClInclude Include="rosteritem.h">
      <Filter>Header Files</Filter>
    </ClInclude>
    <ClInclude Include="rosteritemdata.h">
      <Filter>Header Files</Filter>
    </ClInclude>
    <ClInclude Include="rosterlistener.h">
      <Filter>Header Files</Filter>
    </ClInclude>
    <ClInclude Include="rostermanager.h">
      <Filter>Header Files</Filter>
    </ClInclude>
    <ClInclude Include="search.h">
      <Filter>Header Files</Filter>
    </ClInclude>
    <ClInclude Include="searchhandler.h">
      <Filter>Header Files</Filter>
    </ClInclude>
    <ClInclude Include="sha.h">
      <Filter>Header Files</Filter>
    </ClInclude>
    <ClInclude Include="shim.h">
      <Filter>Header Files</Filter>
    </ClInclude>
    <ClInclude Include="sihandler.h">
      <Filter>Header Files</Filter>
    </ClInclude>
    <ClInclude Include="simanager.h">
      <Filter>Header Files</Filter>
    </ClInclude>
    <ClInclude Include="siprofileft.h">
      <Filter>Header Files</Filter>
    </ClInclude>
    <ClInclude Include="siprofilefthandler.h">
      <Filter>Header Files</Filter>
    </ClInclude>
    <ClInclude Include="siprofilehandler.h">
      <Filter>Header Files</Filter>
    </ClInclude>
    <ClInclude Include="socks5bytestream.h">
      <Filter>Header Files</Filter>
    </ClInclude>
    <ClInclude Include="socks5bytestreammanager.h">
      <Filter>Header Files</Filter>
    </ClInclude>
    <ClInclude Include="socks5bytestreamserver.h">
      <Filter>Header Files</Filter>
    </ClInclude>
    <ClInclude Include="softwareversion.h">
      <Filter>Header Files</Filter>
    </ClInclude>
    <ClInclude Include="stanza.h">
      <Filter>Header Files</Filter>
    </ClInclude>
    <ClInclude Include="stanzaextension.h">
      <Filter>Header Files</Filter>
    </ClInclude>
    <ClInclude Include="stanzaextensionfactory.h">
      <Filter>Header Files</Filter>
    </ClInclude>
    <ClInclude Include="statisticshandler.h">
      <Filter>Header Files</Filter>
    </ClInclude>
    <ClInclude Include="subscription.h">
      <Filter>Header Files</Filter>
    </ClInclude>
    <ClInclude Include="subscriptionhandler.h">
      <Filter>Header Files</Filter>
    </ClInclude>
    <ClInclude Include="tag.h">
      <Filter>Header Files</Filter>
    </ClInclude>
    <ClInclude Include="taghandler.h">
      <Filter>Header Files</Filter>
    </ClInclude>
    <ClInclude Include="tlsbase.h">
      <Filter>Header Files</Filter>
    </ClInclude>
    <ClInclude Include="tlsdefault.h">
      <Filter>Header Files</Filter>
    </ClInclude>
    <ClInclude Include="tlsgnutlsbase.h">
      <Filter>Header Files</Filter>
    </ClInclude>
    <ClInclude Include="tlsgnutlsclient.h">
      <Filter>Header Files</Filter>
    </ClInclude>
    <ClInclude Include="tlsgnutlsclientanon.h">
      <Filter>Header Files</Filter>
    </ClInclude>
    <ClInclude Include="tlsgnutlsserveranon.h">
      <Filter>Header Files</Filter>
    </ClInclude>
    <ClInclude Include="tlshandler.h">
      <Filter>Header Files</Filter>
    </ClInclude>
    <ClInclude Include="tlsopensslbase.h">
      <Filter>Header Files</Filter>
    </ClInclude>
    <ClInclude Include="tlsopensslclient.h">
      <Filter>Header Files</Filter>
    </ClInclude>
    <ClInclude Include="tlsopensslserver.h">
      <Filter>Header Files</Filter>
    </ClInclude>
    <ClInclude Include="tlsschannel.h">
      <Filter>Header Files</Filter>
    </ClInclude>
    <ClInclude Include="uniquemucroom.h">
      <Filter>Header Files</Filter>
    </ClInclude>
    <ClInclude Include="util.h">
      <Filter>Header Files</Filter>
    </ClInclude>
    <ClInclude Include="vcard.h">
      <Filter>Header Files</Filter>
    </ClInclude>
    <ClInclude Include="vcardhandler.h">
      <Filter>Header Files</Filter>
    </ClInclude>
    <ClInclude Include="vcardmanager.h">
      <Filter>Header Files</Filter>
    </ClInclude>
    <ClInclude Include="vcardupdate.h">
      <Filter>Header Files</Filter>
    </ClInclude>
    <ClInclude Include="xhtmlim.h">
      <Filter>Header Files</Filter>
    </ClInclude>
  </ItemGroup>
  <ItemGroup>
    <None Include="config.h.win" />
  </ItemGroup>
  <ItemGroup>
    <ResourceCompile Include="version.rc">
      <Filter>Resource Files</Filter>
    </ResourceCompile>
  </ItemGroup>
</Project>