<?xml version="1.0" encoding="utf-8"?>
<Project ToolsVersion="4.0" xmlns="http://schemas.microsoft.com/developer/msbuild/2003">
  <ItemGroup>
    <Filter Include="Source Files">
      <UniqueIdentifier>{bb1e09aa-ba85-4a12-a126-7d9a5487eb37}</UniqueIdentifier>
      <Extensions>cpp;c;cxx;rc;def;r;odl;idl;hpj;bat</Extensions>
    </Filter>
    <Filter Include="Header Files">
      <UniqueIdentifier>{1d773f7d-6f5e-4698-bfef-c4a72ec7f4e4}</UniqueIdentifier>
      <Extensions>h;hpp;hxx;hm;inl</Extensions>
    </Filter>
    <Filter Include="Resource Files">
      <UniqueIdentifier>{36c4caf1-5d17-4902-b00d-5ebc7ad9478f}</UniqueIdentifier>
      <Extensions>ico;cur;bmp;dlg;rc2;rct;bin;rgs;gif;jpg;jpeg;jpe</Extensions>
    </Filter>
  </ItemGroup>
  <ItemGroup>
    <ClCompile Include=".\stb_image.c">
      <Filter>Source Files</Filter>
    </ClCompile>
    <ClCompile Include="StdAfx.cpp">
      <Filter>Source Files</Filter>
    </ClCompile>
    <ClCompile Include="UIActiveX.cpp">
      <Filter>Source Files</Filter>
    </ClCompile>
    <ClCompile Include="UIBase.cpp">
      <Filter>Source Files</Filter>
    </ClCompile>
    <ClCompile Include="UICombo.cpp">
      <Filter>Source Files</Filter>
    </ClCompile>
    <ClCompile Include="UICommonControls.cpp">
      <Filter>Source Files</Filter>
    </ClCompile>
    <ClCompile Include="UIContainer.cpp">
      <Filter>Source Files</Filter>
    </ClCompile>
    <ClCompile Include="UIControl.cpp">
      <Filter>Source Files</Filter>
    </ClCompile>
    <ClCompile Include="UIDelegate.cpp">
      <Filter>Source Files</Filter>
    </ClCompile>
    <ClCompile Include="UIDlgBuilder.cpp">
      <Filter>Source Files</Filter>
    </ClCompile>
    <ClCompile Include="UIlib.cpp">
      <Filter>Source Files</Filter>
    </ClCompile>
    <ClCompile Include="UIList.cpp">
      <Filter>Source Files</Filter>
    </ClCompile>
    <ClCompile Include="UIManager.cpp">
      <Filter>Source Files</Filter>
    </ClCompile>
    <ClCompile Include="UIMarkup.cpp">
      <Filter>Source Files</Filter>
    </ClCompile>
    <ClCompile Include="UIRender.cpp">
      <Filter>Source Files</Filter>
    </ClCompile>
    <ClCompile Include="UIRichEdit.cpp">
      <Filter>Source Files</Filter>
    </ClCompile>
    <ClCompile Include=".\UIWebBrowser.cpp">
      <Filter>Source Files</Filter>
    </ClCompile>
    <ClCompile Include="XUnzip.cpp">
      <Filter>Source Files</Filter>
    </ClCompile>
  </ItemGroup>
  <ItemGroup>
    <ClInclude Include=".\downloadmgr.h">
      <Filter>Header Files</Filter>
    </ClInclude>
    <ClInclude Include="StdAfx.h">
      <Filter>Header Files</Filter>
    </ClInclude>
    <ClInclude Include="UIActiveX.h">
      <Filter>Header Files</Filter>
    </ClInclude>
    <ClInclude Include="UIBase.h">
      <Filter>Header Files</Filter>
    </ClInclude>
    <ClInclude Include="UICombo.h">
      <Filter>Header Files</Filter>
    </ClInclude>
    <ClInclude Include="UICommonControls.h">
      <Filter>Header Files</Filter>
    </ClInclude>
    <ClInclude Include="UIContainer.h">
      <Filter>Header Files</Filter>
    </ClInclude>
    <ClInclude Include="UIControl.h">
      <Filter>Header Files</Filter>
    </ClInclude>
    <ClInclude Include="UIDelegate.h">
      <Filter>Header Files</Filter>
    </ClInclude>
    <ClInclude Include="UIDlgBuilder.h">
      <Filter>Header Files</Filter>
    </ClInclude>
    <ClInclude Include="UIlib.h">
      <Filter>Header Files</Filter>
    </ClInclude>
    <ClInclude Include="UIList.h">
      <Filter>Header Files</Filter>
    </ClInclude>
    <ClInclude Include="UIManager.h">
      <Filter>Header Files</Filter>
    </ClInclude>
    <ClInclude Include="UIMarkup.h">
      <Filter>Header Files</Filter>
    </ClInclude>
    <ClInclude Include="UIRender.h">
      <Filter>Header Files</Filter>
    </ClInclude>
    <ClInclude Include="UIRichEdit.h">
      <Filter>Header Files</Filter>
    </ClInclude>
    <ClInclude Include=".\UIWebBrowser.h">
      <Filter>Header Files</Filter>
    </ClInclude>
    <ClInclude Include=".\WebBrowserEventHandler.h">
      <Filter>Header Files</Filter>
    </ClInclude>
  </ItemGroup>
</Project>